
Microsoft Visual Studio Solution File, Format Version 12.00
# Visual Studio Version 17
VisualStudioVersion = 17.7.34003.232
MinimumVisualStudioVersion = 10.0.40219.1
Project("{9A19103F-16F7-4668-BE54-9A1E7A4F7556}") = "Laba_15_1", "Laba_15_1\Laba_15_1.csproj", "{D9E1AC67-6C7A-456F-8C31-E08C8BEDCC19}"
EndProject
Global
	GlobalSection(SolutionConfigurationPlatforms) = preSolution
		Debug|Any CPU = Debug|Any CPU
		Release|Any CPU = Release|Any CPU
	EndGlobalSection
	GlobalSection(ProjectConfigurationPlatforms) = postSolution
		{D9E1AC67-6C7A-456F-8C31-E08C8BEDCC19}.Debug|Any CPU.ActiveCfg = Debug|Any CPU
		{D9E1AC67-6C7A-456F-8C31-E08C8BEDCC19}.Debug|Any CPU.Build.0 = Debug|Any CPU
		{D9E1AC67-6C7A-456F-8C31-E08C8BEDCC19}.Release|Any CPU.ActiveCfg = Release|Any CPU
		{D9E1AC67-6C7A-456F-8C31-E08C8BEDCC19}.Release|Any CPU.Build.0 = Release|Any CPU
	EndGlobalSection
	GlobalSection(SolutionProperties) = preSolution
		HideSolutionNode = FALSE
	EndGlobalSection
	GlobalSection(ExtensibilityGlobals) = postSolution
		SolutionGuid = {E205CAF2-20DE-41DC-A958-C1262F7C2AAD}
	EndGlobalSection
EndGlobal
